
Microsoft Visual Studio Solution File, Format Version 12.00
# Visual Studio Version 17
VisualStudioVersion = 17.9.34607.119
MinimumVisualStudioVersion = 10.0.40219.1
Project("{9A19103F-16F7-4668-BE54-9A1E7A4F7556}") = "API", "API\API.csproj", "{5F26BFF0-982C-4051-9DE1-BBDD65188328}"
EndProject
Project("{9A19103F-16F7-4668-BE54-9A1E7A4F7556}") = "API.Tests", "..\DEMO - StopSmoking\API.Tests\API.Tests.csproj", "{6CF5EEB7-9036-492D-AB8F-D7F0C22504F3}"
EndProject
Global
	GlobalSection(SolutionConfigurationPlatforms) = preSolution
		Debug|Any CPU = Debug|Any CPU
		Release|Any CPU = Release|Any CPU
	EndGlobalSection
	GlobalSection(ProjectConfigurationPlatforms) = postSolution
		{5F26BFF0-982C-4051-9DE1-BBDD65188328}.Debug|Any CPU.ActiveCfg = Debug|Any CPU
		{5F26BFF0-982C-4051-9DE1-BBDD65188328}.Debug|Any CPU.Build.0 = Debug|Any CPU
		{5F26BFF0-982C-4051-9DE1-BBDD65188328}.Release|Any CPU.ActiveCfg = Release|Any CPU
		{5F26BFF0-982C-4051-9DE1-BBDD65188328}.Release|Any CPU.Build.0 = Release|Any CPU
		{6CF5EEB7-9036-492D-AB8F-D7F0C22504F3}.Debug|Any CPU.ActiveCfg = Debug|Any CPU
		{6CF5EEB7-9036-492D-AB8F-D7F0C22504F3}.Debug|Any CPU.Build.0 = Debug|Any CPU
		{6CF5EEB7-9036-492D-AB8F-D7F0C22504F3}.Release|Any CPU.ActiveCfg = Release|Any CPU
		{6CF5EEB7-9036-492D-AB8F-D7F0C22504F3}.Release|Any CPU.Build.0 = Release|Any CPU
	EndGlobalSection
	GlobalSection(SolutionProperties) = preSolution
		HideSolutionNode = FALSE
	EndGlobalSection
	GlobalSection(ExtensibilityGlobals) = postSolution
		SolutionGuid = {315D535E-3AB1-495F-BC15-DDBC085C8883}
	EndGlobalSection
EndGlobal
